
Microsoft Visual Studio Solution File, Format Version 11.00
# Visual Studio 2010
Project("{FAE04EC0-301F-11D3-BF4B-00C04F79EFBC}") = "CustomControlSandbox", "CustomControlSandbox\CustomControlSandbox.csproj", "{D84205FF-5E2D-4425-9684-FDE5403A920B}"
EndProject
Project("{FAE04EC0-301F-11D3-BF4B-00C04F79EFBC}") = "ConicalControls", "ConicalControls\ConicalControls.csproj", "{5C26BF5F-38C9-43E2-AB7A-6111D25EF346}"
EndProject
Global
	GlobalSection(SolutionConfigurationPlatforms) = preSolution
		Debug|Any CPU = Debug|Any CPU
		Debug|Mixed Platforms = Debug|Mixed Platforms
		Debug|x86 = Debug|x86
		Release|Any CPU = Release|Any CPU
		Release|Mixed Platforms = Release|Mixed Platforms
		Release|x86 = Release|x86
	EndGlobalSection
	GlobalSection(ProjectConfigurationPlatforms) = postSolution
		{D84205FF-5E2D-4425-9684-FDE5403A920B}.Debug|Any CPU.ActiveCfg = Debug|x86
		{D84205FF-5E2D-4425-9684-FDE5403A920B}.Debug|Mixed Platforms.ActiveCfg = Debug|x86
		{D84205FF-5E2D-4425-9684-FDE5403A920B}.Debug|Mixed Platforms.Build.0 = Debug|x86
		{D84205FF-5E2D-4425-9684-FDE5403A920B}.Debug|x86.ActiveCfg = Debug|x86
		{D84205FF-5E2D-4425-9684-FDE5403A920B}.Debug|x86.Build.0 = Debug|x86
		{D84205FF-5E2D-4425-9684-FDE5403A920B}.Release|Any CPU.ActiveCfg = Release|x86
		{D84205FF-5E2D-4425-9684-FDE5403A920B}.Release|Mixed Platforms.ActiveCfg = Release|x86
		{D84205FF-5E2D-4425-9684-FDE5403A920B}.Release|Mixed Platforms.Build.0 = Release|x86
		{D84205FF-5E2D-4425-9684-FDE5403A920B}.Release|x86.ActiveCfg = Release|x86
		{D84205FF-5E2D-4425-9684-FDE5403A920B}.Release|x86.Build.0 = Release|x86
		{5C26BF5F-38C9-43E2-AB7A-6111D25EF346}.Debug|Any CPU.ActiveCfg = Debug|Any CPU
		{5C26BF5F-38C9-43E2-AB7A-6111D25EF346}.Debug|Any CPU.Build.0 = Debug|Any CPU
		{5C26BF5F-38C9-43E2-AB7A-6111D25EF346}.Debug|Mixed Platforms.ActiveCfg = Debug|Any CPU
		{5C26BF5F-38C9-43E2-AB7A-6111D25EF346}.Debug|Mixed Platforms.Build.0 = Debug|Any CPU
		{5C26BF5F-38C9-43E2-AB7A-6111D25EF346}.Debug|x86.ActiveCfg = Debug|Any CPU
		{5C26BF5F-38C9-43E2-AB7A-6111D25EF346}.Release|Any CPU.ActiveCfg = Release|Any CPU
		{5C26BF5F-38C9-43E2-AB7A-6111D25EF346}.Release|Any CPU.Build.0 = Release|Any CPU
		{5C26BF5F-38C9-43E2-AB7A-6111D25EF346}.Release|Mixed Platforms.ActiveCfg = Release|Any CPU
		{5C26BF5F-38C9-43E2-AB7A-6111D25EF346}.Release|Mixed Platforms.Build.0 = Release|Any CPU
		{5C26BF5F-38C9-43E2-AB7A-6111D25EF346}.Release|x86.ActiveCfg = Release|Any CPU
	EndGlobalSection
	GlobalSection(SolutionProperties) = preSolution
		HideSolutionNode = FALSE
	EndGlobalSection
EndGlobal
